
Microsoft Visual Studio Solution File, Format Version 12.00
# Visual Studio Version 17
VisualStudioVersion = 17.2.32519.379
MinimumVisualStudioVersion = 10.0.40219.1
Project("{9A19103F-16F7-4668-BE54-9A1E7A4F7556}") = "Task1", "Task1\Task1.csproj", "{594F89D0-1046-49A2-B61C-376A24AF199D}"
EndProject
Project("{FAE04EC0-301F-11D3-BF4B-00C04F79EFBC}") = "Task1.Tests", "Task1.Tests\Task1.Tests.csproj", "{62E05FDA-B798-4667-8711-55C5F5591F0E}"
EndProject
Global
	GlobalSection(SolutionConfigurationPlatforms) = preSolution
		Debug|Any CPU = Debug|Any CPU
		Release|Any CPU = Release|Any CPU
	EndGlobalSection
	GlobalSection(ProjectConfigurationPlatforms) = postSolution
		{594F89D0-1046-49A2-B61C-376A24AF199D}.Debug|Any CPU.ActiveCfg = Debug|Any CPU
		{594F89D0-1046-49A2-B61C-376A24AF199D}.Debug|Any CPU.Build.0 = Debug|Any CPU
		{594F89D0-1046-49A2-B61C-376A24AF199D}.Release|Any CPU.ActiveCfg = Release|Any CPU
		{594F89D0-1046-49A2-B61C-376A24AF199D}.Release|Any CPU.Build.0 = Release|Any CPU
		{62E05FDA-B798-4667-8711-55C5F5591F0E}.Debug|Any CPU.ActiveCfg = Debug|Any CPU
		{62E05FDA-B798-4667-8711-55C5F5591F0E}.Debug|Any CPU.Build.0 = Debug|Any CPU
		{62E05FDA-B798-4667-8711-55C5F5591F0E}.Release|Any CPU.ActiveCfg = Release|Any CPU
		{62E05FDA-B798-4667-8711-55C5F5591F0E}.Release|Any CPU.Build.0 = Release|Any CPU
	EndGlobalSection
	GlobalSection(SolutionProperties) = preSolution
		HideSolutionNode = FALSE
	EndGlobalSection
	GlobalSection(ExtensibilityGlobals) = postSolution
		SolutionGuid = {8370B984-D009-4B4D-8B78-834C9F1DF475}
	EndGlobalSection
EndGlobal
