
Microsoft Visual Studio Solution File, Format Version 12.00
# Visual Studio Version 17
VisualStudioVersion = 17.2.32519.379
MinimumVisualStudioVersion = 10.0.40219.1
Project("{9A19103F-16F7-4668-BE54-9A1E7A4F7556}") = "Task1", "Task1\Task1.csproj", "{C9CF84A0-538E-459D-B992-0DEF33E66AEA}"
EndProject
Project("{FAE04EC0-301F-11D3-BF4B-00C04F79EFBC}") = "Task1.Tests", "Task1.Tests\Task1.Tests.csproj", "{58B493F4-8330-46EB-914A-315524778CA1}"
EndProject
Global
	GlobalSection(SolutionConfigurationPlatforms) = preSolution
		Debug|Any CPU = Debug|Any CPU
		Release|Any CPU = Release|Any CPU
	EndGlobalSection
	GlobalSection(ProjectConfigurationPlatforms) = postSolution
		{C9CF84A0-538E-459D-B992-0DEF33E66AEA}.Debug|Any CPU.ActiveCfg = Debug|Any CPU
		{C9CF84A0-538E-459D-B992-0DEF33E66AEA}.Debug|Any CPU.Build.0 = Debug|Any CPU
		{C9CF84A0-538E-459D-B992-0DEF33E66AEA}.Release|Any CPU.ActiveCfg = Release|Any CPU
		{C9CF84A0-538E-459D-B992-0DEF33E66AEA}.Release|Any CPU.Build.0 = Release|Any CPU
		{58B493F4-8330-46EB-914A-315524778CA1}.Debug|Any CPU.ActiveCfg = Debug|Any CPU
		{58B493F4-8330-46EB-914A-315524778CA1}.Debug|Any CPU.Build.0 = Debug|Any CPU
		{58B493F4-8330-46EB-914A-315524778CA1}.Release|Any CPU.ActiveCfg = Release|Any CPU
		{58B493F4-8330-46EB-914A-315524778CA1}.Release|Any CPU.Build.0 = Release|Any CPU
	EndGlobalSection
	GlobalSection(SolutionProperties) = preSolution
		HideSolutionNode = FALSE
	EndGlobalSection
	GlobalSection(ExtensibilityGlobals) = postSolution
		SolutionGuid = {F3A9F312-69C0-4439-B99B-3F87E1F3EDF1}
	EndGlobalSection
EndGlobal
